
Microsoft Visual Studio Solution File, Format Version 12.00
# Visual Studio Version 16
VisualStudioVersion = 16.0.31129.286
MinimumVisualStudioVersion = 10.0.40219.1
Project("{FAE04EC0-301F-11D3-BF4B-00C04F79EFBC}") = "Muito Dinheiro", "Muito Dinheiro\Muito Dinheiro.csproj", "{AB6661C3-7A64-4C91-9475-039B1EE5FB84}"
EndProject
Global
	GlobalSection(SolutionConfigurationPlatforms) = preSolution
		Debug|Any CPU = Debug|Any CPU
		Release|Any CPU = Release|Any CPU
	EndGlobalSection
	GlobalSection(ProjectConfigurationPlatforms) = postSolution
		{AB6661C3-7A64-4C91-9475-039B1EE5FB84}.Debug|Any CPU.ActiveCfg = Debug|Any CPU
		{AB6661C3-7A64-4C91-9475-039B1EE5FB84}.Debug|Any CPU.Build.0 = Debug|Any CPU
		{AB6661C3-7A64-4C91-9475-039B1EE5FB84}.Release|Any CPU.ActiveCfg = Release|Any CPU
		{AB6661C3-7A64-4C91-9475-039B1EE5FB84}.Release|Any CPU.Build.0 = Release|Any CPU
	EndGlobalSection
	GlobalSection(SolutionProperties) = preSolution
		HideSolutionNode = FALSE
	EndGlobalSection
	GlobalSection(ExtensibilityGlobals) = postSolution
		SolutionGuid = {32E7A3D0-969E-4736-95FA-198A2E698A6F}
	EndGlobalSection
EndGlobal
